// !$*UTF8*$!
{
	archiveVersion = 1;
	classes = {
	};
	objectVersion = 46;
	objects = {

/* Begin PBXBuildFile section */
		3F67673207EC42BB89A594D1 /* libPods-NeoCafesagashiTests.a in Frameworks */ = {isa = PBXBuildFile; fileRef = 0BD4B63E222A4C6E837BE7FF /* libPods-NeoCafesagashiTests.a */; };
		580EE3301905874900F39E4E /* CommonTest.m in Sources */ = {isa = PBXBuildFile; fileRef = 580EE32F1905874900F39E4E /* CommonTest.m */; };
		580EE3341906448100F39E4E /* AVFoundation.framework in Frameworks */ = {isa = PBXBuildFile; fileRef = 580EE3331906448100F39E4E /* AVFoundation.framework */; };
		580EE3361906456E00F39E4E /* SystemConfiguration.framework in Frameworks */ = {isa = PBXBuildFile; fileRef = 580EE3351906456E00F39E4E /* SystemConfiguration.framework */; };
		580EE338190645CA00F39E4E /* libsqlite3.0.dylib in Frameworks */ = {isa = PBXBuildFile; fileRef = 580EE337190645CA00F39E4E /* libsqlite3.0.dylib */; };
		580EE33A1906460F00F39E4E /* libsqlite3.dylib in Frameworks */ = {isa = PBXBuildFile; fileRef = 580EE3391906460F00F39E4E /* libsqlite3.dylib */; };
		580EE33C190646DE00F39E4E /* CoreData.framework in Frameworks */ = {isa = PBXBuildFile; fileRef = 580EE33B190646DE00F39E4E /* CoreData.framework */; };
		580EE33E1906482200F39E4E /* AVFoundation.framework in Frameworks */ = {isa = PBXBuildFile; fileRef = 580EE3331906448100F39E4E /* AVFoundation.framework */; };
		580EE3401906482200F39E4E /* CoreData.framework in Frameworks */ = {isa = PBXBuildFile; fileRef = 580EE33B190646DE00F39E4E /* CoreData.framework */; };
		580EE3411906482200F39E4E /* CoreLocation.framework in Frameworks */ = {isa = PBXBuildFile; fileRef = 58A21E6219017B760079B2D1 /* CoreLocation.framework */; };
		580EE3421906482200F39E4E /* CoreText.framework in Frameworks */ = {isa = PBXBuildFile; fileRef = 58A21F4419022AC30079B2D1 /* CoreText.framework */; };
		580EE3431906482200F39E4E /* GLKit.framework in Frameworks */ = {isa = PBXBuildFile; fileRef = 58A21F4619022ACE0079B2D1 /* GLKit.framework */; };
		580EE3441906482200F39E4E /* ImageIO.framework in Frameworks */ = {isa = PBXBuildFile; fileRef = 58A21F4819022ADA0079B2D1 /* ImageIO.framework */; };
		580EE3451906482200F39E4E /* libsqlite3.0.dylib in Frameworks */ = {isa = PBXBuildFile; fileRef = 580EE337190645CA00F39E4E /* libsqlite3.0.dylib */; };
		580EE3461906482200F39E4E /* MessageUI.framework in Frameworks */ = {isa = PBXBuildFile; fileRef = 58A21E6419017B760079B2D1 /* MessageUI.framework */; };
		580EE3471906482200F39E4E /* OpenGLES.framework in Frameworks */ = {isa = PBXBuildFile; fileRef = 58A21F5019022B190079B2D1 /* OpenGLES.framework */; };
		580EE3481906482200F39E4E /* QuartzCore.framework in Frameworks */ = {isa = PBXBuildFile; fileRef = 58A21E6619017B760079B2D1 /* QuartzCore.framework */; };
		580EE3491906482200F39E4E /* SystemConfiguration.framework in Frameworks */ = {isa = PBXBuildFile; fileRef = 580EE3351906456E00F39E4E /* SystemConfiguration.framework */; };
		580EE34A1906486E00F39E4E /* libc++.dylib in Frameworks */ = {isa = PBXBuildFile; fileRef = 58A21F4A19022AED0079B2D1 /* libc++.dylib */; };
		580EE34B1906486E00F39E4E /* libicucore.dylib in Frameworks */ = {isa = PBXBuildFile; fileRef = 58A21F4C19022B0A0079B2D1 /* libicucore.dylib */; };
		580EE34C1906486E00F39E4E /* libz.dylib in Frameworks */ = {isa = PBXBuildFile; fileRef = 58A21F4E19022B110079B2D1 /* libz.dylib */; };
		580EE35119064E0400F39E4E /* GoogleMaps.framework in Frameworks */ = {isa = PBXBuildFile; fileRef = 580EE35019064E0400F39E4E /* GoogleMaps.framework */; };
		580EE35319064E8E00F39E4E /* GoogleMaps.bundle in Resources */ = {isa = PBXBuildFile; fileRef = 580EE35219064E8E00F39E4E /* GoogleMaps.bundle */; };
		580EE35419064E9700F39E4E /* GoogleMaps.bundle in Resources */ = {isa = PBXBuildFile; fileRef = 580EE35219064E8E00F39E4E /* GoogleMaps.bundle */; };
		581535C0199E43D7005FD329 /* Default.png in Resources */ = {isa = PBXBuildFile; fileRef = 581535BD199E43D7005FD329 /* Default.png */; };
		581535C4199ECCF8005FD329 /* Default-568h@2x.png in Resources */ = {isa = PBXBuildFile; fileRef = 581535C3199ECCF8005FD329 /* Default-568h@2x.png */; };
		581535C6199ED42A005FD329 /* Default@2x.png in Resources */ = {isa = PBXBuildFile; fileRef = 581535C5199ED42A005FD329 /* Default@2x.png */; };
		58177494199520D8001A37D6 /* Icon.png in Resources */ = {isa = PBXBuildFile; fileRef = 58177492199520D8001A37D6 /* Icon.png */; };
		58177495199520D8001A37D6 /* Icon@2x.png in Resources */ = {isa = PBXBuildFile; fileRef = 58177493199520D8001A37D6 /* Icon@2x.png */; };
		5817749A1995210C001A37D6 /* Icon-72.png in Resources */ = {isa = PBXBuildFile; fileRef = 581774961995210C001A37D6 /* Icon-72.png */; };
		5817749B1995210C001A37D6 /* Icon-72@2x.png in Resources */ = {isa = PBXBuildFile; fileRef = 581774971995210C001A37D6 /* Icon-72@2x.png */; };
		5817749C1995210C001A37D6 /* Icon-76.png in Resources */ = {isa = PBXBuildFile; fileRef = 581774981995210C001A37D6 /* Icon-76.png */; };
		5817749D1995210C001A37D6 /* Icon-76@2x.png in Resources */ = {isa = PBXBuildFile; fileRef = 581774991995210C001A37D6 /* Icon-76@2x.png */; };
		581774A81995AA3C001A37D6 /* pin1.png in Resources */ = {isa = PBXBuildFile; fileRef = 581774A61995AA3C001A37D6 /* pin1.png */; };
		581774A91995AA3C001A37D6 /* pin1@2x.png in Resources */ = {isa = PBXBuildFile; fileRef = 581774A71995AA3C001A37D6 /* pin1@2x.png */; };
		581EB64C19AE122C00B5A409 /* Default-Porrait.png in Resources */ = {isa = PBXBuildFile; fileRef = 581EB64A19AE122C00B5A409 /* Default-Porrait.png */; };
		581EB64D19AE122C00B5A409 /* Default-Portrait@2x.png in Resources */ = {isa = PBXBuildFile; fileRef = 581EB64B19AE122C00B5A409 /* Default-Portrait@2x.png */; };
		58274A6E18FF4A5E00B54D91 /* MapKit.framework in Frameworks */ = {isa = PBXBuildFile; fileRef = 58274A6D18FF4A5E00B54D91 /* MapKit.framework */; };
		582AAADE199F59F500E11C4D /* icon-29@2x.png in Resources */ = {isa = PBXBuildFile; fileRef = 582AAADC199F59F500E11C4D /* icon-29@2x.png */; };
		582AAADF199F59F500E11C4D /* icon-40@2x.png in Resources */ = {isa = PBXBuildFile; fileRef = 582AAADD199F59F500E11C4D /* icon-40@2x.png */; };
		582AAAE1199F5A4300E11C4D /* icon-60@2x.png in Resources */ = {isa = PBXBuildFile; fileRef = 582AAAE0199F5A4300E11C4D /* icon-60@2x.png */; };
		582AAAE3199F5D1100E11C4D /* Main_iPad.storyboard in Resources */ = {isa = PBXBuildFile; fileRef = 582AAAE2199F5D1100E11C4D /* Main_iPad.storyboard */; };
		58579EF61980000000D959D8 /* cafesagashi.db in Resources */ = {isa = PBXBuildFile; fileRef = 58579EF51980000000D959D8 /* cafesagashi.db */; };
		5863E52A19192693004CFA07 /* Web.m in Sources */ = {isa = PBXBuildFile; fileRef = 5863E52819192693004CFA07 /* Web.m */; };
		5863E52B19192693004CFA07 /* Web.m in Sources */ = {isa = PBXBuildFile; fileRef = 5863E52819192693004CFA07 /* Web.m */; };
		5864C5EF18FDE6DC00A54149 /* Foundation.framework in Frameworks */ = {isa = PBXBuildFile; fileRef = 5864C5EE18FDE6DC00A54149 /* Foundation.framework */; };
		5864C5F118FDE6DC00A54149 /* CoreGraphics.framework in Frameworks */ = {isa = PBXBuildFile; fileRef = 5864C5F018FDE6DC00A54149 /* CoreGraphics.framework */; };
		5864C5F318FDE6DC00A54149 /* UIKit.framework in Frameworks */ = {isa = PBXBuildFile; fileRef = 5864C5F218FDE6DC00A54149 /* UIKit.framework */; };
		5864C5F918FDE6DC00A54149 /* InfoPlist.strings in Resources */ = {isa = PBXBuildFile; fileRef = 5864C5F718FDE6DC00A54149 /* InfoPlist.strings */; };
		5864C5FB18FDE6DC00A54149 /* main.m in Sources */ = {isa = PBXBuildFile; fileRef = 5864C5FA18FDE6DC00A54149 /* main.m */; };
		5864C5FF18FDE6DC00A54149 /* AppDelegate.m in Sources */ = {isa = PBXBuildFile; fileRef = 5864C5FE18FDE6DC00A54149 /* AppDelegate.m */; };
		5864C60218FDE6DC00A54149 /* Main_iPhone.storyboard in Resources */ = {isa = PBXBuildFile; fileRef = 5864C60018FDE6DC00A54149 /* Main_iPhone.storyboard */; };
		5864C60818FDE6DC00A54149 /* ViewController.m in Sources */ = {isa = PBXBuildFile; fileRef = 5864C60718FDE6DC00A54149 /* ViewController.m */; };
		5864C60A18FDE6DC00A54149 /* Images.xcassets in Resources */ = {isa = PBXBuildFile; fileRef = 5864C60918FDE6DC00A54149 /* Images.xcassets */; };
		5864C61118FDE6DC00A54149 /* XCTest.framework in Frameworks */ = {isa = PBXBuildFile; fileRef = 5864C61018FDE6DC00A54149 /* XCTest.framework */; };
		5864C61218FDE6DC00A54149 /* Foundation.framework in Frameworks */ = {isa = PBXBuildFile; fileRef = 5864C5EE18FDE6DC00A54149 /* Foundation.framework */; };
		5864C61318FDE6DC00A54149 /* UIKit.framework in Frameworks */ = {isa = PBXBuildFile; fileRef = 5864C5F218FDE6DC00A54149 /* UIKit.framework */; };
		5864C61B18FDE6DC00A54149 /* InfoPlist.strings in Resources */ = {isa = PBXBuildFile; fileRef = 5864C61918FDE6DC00A54149 /* InfoPlist.strings */; };
		5864C61D18FDE6DC00A54149 /* NeoCafesagashiTests.m in Sources */ = {isa = PBXBuildFile; fileRef = 5864C61C18FDE6DC00A54149 /* NeoCafesagashiTests.m */; };
		5866E1A3190B432C000DC5EC /* UtilityTest.m in Sources */ = {isa = PBXBuildFile; fileRef = 5866E1A2190B432C000DC5EC /* UtilityTest.m */; };
		58A21E6819017B760079B2D1 /* AdSupport.framework in Frameworks */ = {isa = PBXBuildFile; fileRef = 58A21E5F19017B760079B2D1 /* AdSupport.framework */; };
		58A21E6919017B760079B2D1 /* AudioToolbox.framework in Frameworks */ = {isa = PBXBuildFile; fileRef = 58A21E6019017B760079B2D1 /* AudioToolbox.framework */; };
		58A21E6A19017B760079B2D1 /* CFNetwork.framework in Frameworks */ = {isa = PBXBuildFile; fileRef = 58A21E6119017B760079B2D1 /* CFNetwork.framework */; };
		58A21E6B19017B760079B2D1 /* CoreLocation.framework in Frameworks */ = {isa = PBXBuildFile; fileRef = 58A21E6219017B760079B2D1 /* CoreLocation.framework */; };
		58A21E6C19017B760079B2D1 /* CoreTelephony.framework in Frameworks */ = {isa = PBXBuildFile; fileRef = 58A21E6319017B760079B2D1 /* CoreTelephony.framework */; };
		58A21E6D19017B760079B2D1 /* MessageUI.framework in Frameworks */ = {isa = PBXBuildFile; fileRef = 58A21E6419017B760079B2D1 /* MessageUI.framework */; };
		58A21E6E19017B760079B2D1 /* MobileCoreServices.framework in Frameworks */ = {isa = PBXBuildFile; fileRef = 58A21E6519017B760079B2D1 /* MobileCoreServices.framework */; };
		58A21E6F19017B760079B2D1 /* QuartzCore.framework in Frameworks */ = {isa = PBXBuildFile; fileRef = 58A21E6619017B760079B2D1 /* QuartzCore.framework */; };
		58A21E7019017B760079B2D1 /* StoreKit.framework in Frameworks */ = {isa = PBXBuildFile; fileRef = 58A21E6719017B760079B2D1 /* StoreKit.framework */; };
		58A21E7E19017D150079B2D1 /* MBProgressHUD.m in Sources */ = {isa = PBXBuildFile; fileRef = 58A21E7D19017D150079B2D1 /* MBProgressHUD.m */; settings = {COMPILER_FLAGS = "-fno-objc-arc"; }; };
		58A21E8A19017F230079B2D1 /* TableDefine.m in Sources */ = {isa = PBXBuildFile; fileRef = 58A21E8919017F230079B2D1 /* TableDefine.m */; };
		58A21E8E1902009B0079B2D1 /* SqliteBaseService.m in Sources */ = {isa = PBXBuildFile; fileRef = 58A21E8D1902009B0079B2D1 /* SqliteBaseService.m */; };
		58A21E91190215320079B2D1 /* Utility.m in Sources */ = {isa = PBXBuildFile; fileRef = 58A21E90190215320079B2D1 /* Utility.m */; };
		58A21F4519022AC30079B2D1 /* CoreText.framework in Frameworks */ = {isa = PBXBuildFile; fileRef = 58A21F4419022AC30079B2D1 /* CoreText.framework */; };
		58A21F4719022ACE0079B2D1 /* GLKit.framework in Frameworks */ = {isa = PBXBuildFile; fileRef = 58A21F4619022ACE0079B2D1 /* GLKit.framework */; };
		58A21F4919022ADA0079B2D1 /* ImageIO.framework in Frameworks */ = {isa = PBXBuildFile; fileRef = 58A21F4819022ADA0079B2D1 /* ImageIO.framework */; };
		58A21F4B19022AED0079B2D1 /* libc++.dylib in Frameworks */ = {isa = PBXBuildFile; fileRef = 58A21F4A19022AED0079B2D1 /* libc++.dylib */; };
		58A21F4D19022B0A0079B2D1 /* libicucore.dylib in Frameworks */ = {isa = PBXBuildFile; fileRef = 58A21F4C19022B0A0079B2D1 /* libicucore.dylib */; };
		58A21F4F19022B110079B2D1 /* libz.dylib in Frameworks */ = {isa = PBXBuildFile; fileRef = 58A21F4E19022B110079B2D1 /* libz.dylib */; };
		58A21F5119022B190079B2D1 /* OpenGLES.framework in Frameworks */ = {isa = PBXBuildFile; fileRef = 58A21F5019022B190079B2D1 /* OpenGLES.framework */; };
		58B37A0E19009E9700633172 /* NeoCafesagashiSpec.m in Sources */ = {isa = PBXBuildFile; fileRef = 58B37A0D19009E9700633172 /* NeoCafesagashiSpec.m */; };
		58B93C6E190583180064F2F8 /* Common.m in Sources */ = {isa = PBXBuildFile; fileRef = 58B93C6D190583180064F2F8 /* Common.m */; settings = {COMPILER_FLAGS = "-fno-objc-arc"; }; };
		58BB6D3819A0667A00E01593 /* api_265_65.gif in Resources */ = {isa = PBXBuildFile; fileRef = 58BB6D3719A0667A00E01593 /* api_265_65.gif */; };
		58D46E12190F9D4A00D8F910 /* Cafes.m in Sources */ = {isa = PBXBuildFile; fileRef = 58D46E11190F9D4A00D8F910 /* Cafes.m */; };
		58D46E13190F9D4A00D8F910 /* Cafes.m in Sources */ = {isa = PBXBuildFile; fileRef = 58D46E11190F9D4A00D8F910 /* Cafes.m */; };
		58D46E16190F9E4E00D8F910 /* CafeService.m in Sources */ = {isa = PBXBuildFile; fileRef = 58D46E15190F9E4E00D8F910 /* CafeService.m */; };
		58D46E17190F9E4E00D8F910 /* CafeService.m in Sources */ = {isa = PBXBuildFile; fileRef = 58D46E15190F9E4E00D8F910 /* CafeService.m */; };
		58ED7A6E1A9C534900180F42 /* Crashlytics.framework in Frameworks */ = {isa = PBXBuildFile; fileRef = 58ED7A6C1A9C534900180F42 /* Crashlytics.framework */; };
		58ED7A6F1A9C534900180F42 /* Fabric.framework in Frameworks */ = {isa = PBXBuildFile; fileRef = 58ED7A6D1A9C534900180F42 /* Fabric.framework */; };
		C891D5C2391A4E8BB0D48315 /* libPods.a in Frameworks */ = {isa = PBXBuildFile; fileRef = 8DB7B13C36C945978084E688 /* libPods.a */; };
/* End PBXBuildFile section */

/* Begin PBXContainerItemProxy section */
		5864C61418FDE6DC00A54149 /* PBXContainerItemProxy */ = {
			isa = PBXContainerItemProxy;
			containerPortal = 5864C5E318FDE6DC00A54149 /* Project object */;
			proxyType = 1;
			remoteGlobalIDString = 5864C5EA18FDE6DC00A54149;
			remoteInfo = NeoCafesagashi;
		};
/* End PBXContainerItemProxy section */

/* Begin PBXFileReference section */
		0BD4B63E222A4C6E837BE7FF /* libPods-NeoCafesagashiTests.a */ = {isa = PBXFileReference; explicitFileType = archive.ar; includeInIndex = 0; path = "libPods-NeoCafesagashiTests.a"; sourceTree = BUILT_PRODUCTS_DIR; };
		580EE32F1905874900F39E4E /* CommonTest.m */ = {isa = PBXFileReference; fileEncoding = 4; lastKnownFileType = sourcecode.c.objc; path = CommonTest.m; sourceTree = "<group>"; };
		580EE3331906448100F39E4E /* AVFoundation.framework */ = {isa = PBXFileReference; lastKnownFileType = wrapper.framework; name = AVFoundation.framework; path = System/Library/Frameworks/AVFoundation.framework; sourceTree = SDKROOT; };
		580EE3351906456E00F39E4E /* SystemConfiguration.framework */ = {isa = PBXFileReference; lastKnownFileType = wrapper.framework; name = SystemConfiguration.framework; path = System/Library/Frameworks/SystemConfiguration.framework; sourceTree = SDKROOT; };
		580EE337190645CA00F39E4E /* libsqlite3.0.dylib */ = {isa = PBXFileReference; lastKnownFileType = "compiled.mach-o.dylib"; name = libsqlite3.0.dylib; path = usr/lib/libsqlite3.0.dylib; sourceTree = SDKROOT; };
		580EE3391906460F00F39E4E /* libsqlite3.dylib */ = {isa = PBXFileReference; lastKnownFileType = "compiled.mach-o.dylib"; name = libsqlite3.dylib; path = usr/lib/libsqlite3.dylib; sourceTree = SDKROOT; };
		580EE33B190646DE00F39E4E /* CoreData.framework */ = {isa = PBXFileReference; lastKnownFileType = wrapper.framework; name = CoreData.framework; path = System/Library/Frameworks/CoreData.framework; sourceTree = SDKROOT; };
		580EE35019064E0400F39E4E /* GoogleMaps.framework */ = {isa = PBXFileReference; lastKnownFileType = wrapper.framework; name = GoogleMaps.framework; path = "../../Downloads/GoogleMaps-iOS-1.7.2/GoogleMaps.framework"; sourceTree = "<group>"; };
		580EE35219064E8E00F39E4E /* GoogleMaps.bundle */ = {isa = PBXFileReference; lastKnownFileType = "wrapper.plug-in"; path = GoogleMaps.bundle; sourceTree = "<group>"; };
		581535BD199E43D7005FD329 /* Default.png */ = {isa = PBXFileReference; lastKnownFileType = image.png; path = Default.png; sourceTree = "<group>"; };
		581535C3199ECCF8005FD329 /* Default-568h@2x.png */ = {isa = PBXFileReference; lastKnownFileType = image.png; path = "Default-568h@2x.png"; sourceTree = "<group>"; };
		581535C5199ED42A005FD329 /* Default@2x.png */ = {isa = PBXFileReference; lastKnownFileType = image.png; path = "Default@2x.png"; sourceTree = "<group>"; };
		58177492199520D8001A37D6 /* Icon.png */ = {isa = PBXFileReference; lastKnownFileType = image.png; path = Icon.png; sourceTree = "<group>"; };
		58177493199520D8001A37D6 /* Icon@2x.png */ = {isa = PBXFileReference; lastKnownFileType = image.png; path = "Icon@2x.png"; sourceTree = "<group>"; };
		581774961995210C001A37D6 /* Icon-72.png */ = {isa = PBXFileReference; lastKnownFileType = image.png; path = "Icon-72.png"; sourceTree = "<group>"; };
		581774971995210C001A37D6 /* Icon-72@2x.png */ = {isa = PBXFileReference; lastKnownFileType = image.png; path = "Icon-72@2x.png"; sourceTree = "<group>"; };
		581774981995210C001A37D6 /* Icon-76.png */ = {isa = PBXFileReference; lastKnownFileType = image.png; path = "Icon-76.png"; sourceTree = "<group>"; };
		581774991995210C001A37D6 /* Icon-76@2x.png */ = {isa = PBXFileReference; lastKnownFileType = image.png; path = "Icon-76@2x.png"; sourceTree = "<group>"; };
		581774A61995AA3C001A37D6 /* pin1.png */ = {isa = PBXFileReference; lastKnownFileType = image.png; path = pin1.png; sourceTree = "<group>"; };
		581774A71995AA3C001A37D6 /* pin1@2x.png */ = {isa = PBXFileReference; lastKnownFileType = image.png; path = "pin1@2x.png"; sourceTree = "<group>"; };
		581EB64A19AE122C00B5A409 /* Default-Porrait.png */ = {isa = PBXFileReference; lastKnownFileType = image.png; path = "Default-Porrait.png"; sourceTree = "<group>"; };
		581EB64B19AE122C00B5A409 /* Default-Portrait@2x.png */ = {isa = PBXFileReference; lastKnownFileType = image.png; path = "Default-Portrait@2x.png"; sourceTree = "<group>"; };
		58274A6D18FF4A5E00B54D91 /* MapKit.framework */ = {isa = PBXFileReference; lastKnownFileType = wrapper.framework; name = MapKit.framework; path = System/Library/Frameworks/MapKit.framework; sourceTree = SDKROOT; };
		582AAADC199F59F500E11C4D /* icon-29@2x.png */ = {isa = PBXFileReference; lastKnownFileType = image.png; path = "icon-29@2x.png"; sourceTree = "<group>"; };
		582AAADD199F59F500E11C4D /* icon-40@2x.png */ = {isa = PBXFileReference; lastKnownFileType = image.png; path = "icon-40@2x.png"; sourceTree = "<group>"; };
		582AAAE0199F5A4300E11C4D /* icon-60@2x.png */ = {isa = PBXFileReference; lastKnownFileType = image.png; path = "icon-60@2x.png"; sourceTree = "<group>"; };
		582AAAE2199F5D1100E11C4D /* Main_iPad.storyboard */ = {isa = PBXFileReference; fileEncoding = 4; lastKnownFileType = file.storyboard; path = Main_iPad.storyboard; sourceTree = "<group>"; };
		58579EF51980000000D959D8 /* cafesagashi.db */ = {isa = PBXFileReference; lastKnownFileType = file; path = cafesagashi.db; sourceTree = "<group>"; };
		5863E52719192693004CFA07 /* Web.h */ = {isa = PBXFileReference; fileEncoding = 4; lastKnownFileType = sourcecode.c.h; path = Web.h; sourceTree = "<group>"; };
		5863E52819192693004CFA07 /* Web.m */ = {isa = PBXFileReference; fileEncoding = 4; lastKnownFileType = sourcecode.c.objc; path = Web.m; sourceTree = "<group>"; };
		5864C5EB18FDE6DC00A54149 /* NeoCafesagashi.app */ = {isa = PBXFileReference; explicitFileType = wrapper.application; includeInIndex = 0; path = NeoCafesagashi.app; sourceTree = BUILT_PRODUCTS_DIR; };
		5864C5EE18FDE6DC00A54149 /* Foundation.framework */ = {isa = PBXFileReference; lastKnownFileType = wrapper.framework; name = Foundation.framework; path = System/Library/Frameworks/Foundation.framework; sourceTree = SDKROOT; };
		5864C5F018FDE6DC00A54149 /* CoreGraphics.framework */ = {isa = PBXFileReference; lastKnownFileType = wrapper.framework; name = CoreGraphics.framework; path = System/Library/Frameworks/CoreGraphics.framework; sourceTree = SDKROOT; };
		5864C5F218FDE6DC00A54149 /* UIKit.framework */ = {isa = PBXFileReference; lastKnownFileType = wrapper.framework; name = UIKit.framework; path = System/Library/Frameworks/UIKit.framework; sourceTree = SDKROOT; };
		5864C5F618FDE6DC00A54149 /* NeoCafesagashi-Info.plist */ = {isa = PBXFileReference; lastKnownFileType = text.plist.xml; path = "NeoCafesagashi-Info.plist"; sourceTree = "<group>"; };
		5864C5F818FDE6DC00A54149 /* en */ = {isa = PBXFileReference; lastKnownFileType = text.plist.strings; name = en; path = en.lproj/InfoPlist.strings; sourceTree = "<group>"; };
		5864C5FA18FDE6DC00A54149 /* main.m */ = {isa = PBXFileReference; lastKnownFileType = sourcecode.c.objc; path = main.m; sourceTree = "<group>"; };
		5864C5FC18FDE6DC00A54149 /* NeoCafesagashi-Prefix.pch */ = {isa = PBXFileReference; lastKnownFileType = sourcecode.c.h; path = "NeoCafesagashi-Prefix.pch"; sourceTree = "<group>"; };
		5864C5FD18FDE6DC00A54149 /* AppDelegate.h */ = {isa = PBXFileReference; lastKnownFileType = sourcecode.c.h; path = AppDelegate.h; sourceTree = "<group>"; };
		5864C5FE18FDE6DC00A54149 /* AppDelegate.m */ = {isa = PBXFileReference; lastKnownFileType = sourcecode.c.objc; path = AppDelegate.m; sourceTree = "<group>"; };
		5864C60118FDE6DC00A54149 /* Base */ = {isa = PBXFileReference; lastKnownFileType = file.storyboard; name = Base; path = Base.lproj/Main_iPhone.storyboard; sourceTree = "<group>"; };
		5864C60618FDE6DC00A54149 /* ViewController.h */ = {isa = PBXFileReference; lastKnownFileType = sourcecode.c.h; path = ViewController.h; sourceTree = "<group>"; };
		5864C60718FDE6DC00A54149 /* ViewController.m */ = {isa = PBXFileReference; lastKnownFileType = sourcecode.c.objc; path = ViewController.m; sourceTree = "<group>"; };
		5864C60918FDE6DC00A54149 /* Images.xcassets */ = {isa = PBXFileReference; lastKnownFileType = folder.assetcatalog; path = Images.xcassets; sourceTree = "<group>"; };
		5864C60F18FDE6DC00A54149 /* NeoCafesagashiTests.xctest */ = {isa = PBXFileReference; explicitFileType = wrapper.cfbundle; includeInIndex = 0; path = NeoCafesagashiTests.xctest; sourceTree = BUILT_PRODUCTS_DIR; };
		5864C61018FDE6DC00A54149 /* XCTest.framework */ = {isa = PBXFileReference; lastKnownFileType = wrapper.framework; name = XCTest.framework; path = Library/Frameworks/XCTest.framework; sourceTree = DEVELOPER_DIR; };
		5864C61818FDE6DC00A54149 /* NeoCafesagashiTests-Info.plist */ = {isa = PBXFileReference; lastKnownFileType = text.plist.xml; path = "NeoCafesagashiTests-Info.plist"; sourceTree = "<group>"; };
		5864C61A18FDE6DC00A54149 /* en */ = {isa = PBXFileReference; lastKnownFileType = text.plist.strings; name = en; path = en.lproj/InfoPlist.strings; sourceTree = "<group>"; };
		5864C61C18FDE6DC00A54149 /* NeoCafesagashiTests.m */ = {isa = PBXFileReference; lastKnownFileType = sourcecode.c.objc; path = NeoCafesagashiTests.m; sourceTree = "<group>"; };
		5866E1A2190B432C000DC5EC /* UtilityTest.m */ = {isa = PBXFileReference; fileEncoding = 4; lastKnownFileType = sourcecode.c.objc; path = UtilityTest.m; sourceTree = "<group>"; };
		589DC74D1A9CC7F70062B479 /* libPods-FMDB.a */ = {isa = PBXFileReference; lastKnownFileType = archive.ar; name = "libPods-FMDB.a"; path = "Pods/build/Debug-iphoneos/libPods-FMDB.a"; sourceTree = "<group>"; };
		589DC74F1A9CC8440062B479 /* libPods-SMCalloutView.a */ = {isa = PBXFileReference; lastKnownFileType = archive.ar; name = "libPods-SMCalloutView.a"; path = "Pods/build/Debug-iphoneos/libPods-SMCalloutView.a"; sourceTree = "<group>"; };
		589DC7511A9CCCB90062B479 /* libPods-FMDB.a */ = {isa = PBXFileReference; lastKnownFileType = archive.ar; name = "libPods-FMDB.a"; path = "Pods/build/Release-iphoneos/libPods-FMDB.a"; sourceTree = "<group>"; };
		589DC7531A9CCCC20062B479 /* libPods-SMCalloutView.a */ = {isa = PBXFileReference; lastKnownFileType = archive.ar; name = "libPods-SMCalloutView.a"; path = "Pods/build/Release-iphoneos/libPods-SMCalloutView.a"; sourceTree = "<group>"; };
		58A21E5F19017B760079B2D1 /* AdSupport.framework */ = {isa = PBXFileReference; lastKnownFileType = wrapper.framework; name = AdSupport.framework; path = System/Library/Frameworks/AdSupport.framework; sourceTree = SDKROOT; };
		58A21E6019017B760079B2D1 /* AudioToolbox.framework */ = {isa = PBXFileReference; lastKnownFileType = wrapper.framework; name = AudioToolbox.framework; path = System/Library/Frameworks/AudioToolbox.framework; sourceTree = SDKROOT; };
		58A21E6119017B760079B2D1 /* CFNetwork.framework */ = {isa = PBXFileReference; lastKnownFileType = wrapper.framework; name = CFNetwork.framework; path = System/Library/Frameworks/CFNetwork.framework; sourceTree = SDKROOT; };
		58A21E6219017B760079B2D1 /* CoreLocation.framework */ = {isa = PBXFileReference; lastKnownFileType = wrapper.framework; name = CoreLocation.framework; path = System/Library/Frameworks/CoreLocation.framework; sourceTree = SDKROOT; };
		58A21E6319017B760079B2D1 /* CoreTelephony.framework */ = {isa = PBXFileReference; lastKnownFileType = wrapper.framework; name = CoreTelephony.framework; path = System/Library/Frameworks/CoreTelephony.framework; sourceTree = SDKROOT; };
		58A21E6419017B760079B2D1 /* MessageUI.framework */ = {isa = PBXFileReference; lastKnownFileType = wrapper.framework; name = MessageUI.framework; path = System/Library/Frameworks/MessageUI.framework; sourceTree = SDKROOT; };
		58A21E6519017B760079B2D1 /* MobileCoreServices.framework */ = {isa = PBXFileReference; lastKnownFileType = wrapper.framework; name = MobileCoreServices.framework; path = System/Library/Frameworks/MobileCoreServices.framework; sourceTree = SDKROOT; };
		58A21E6619017B760079B2D1 /* QuartzCore.framework */ = {isa = PBXFileReference; lastKnownFileType = wrapper.framework; name = QuartzCore.framework; path = System/Library/Frameworks/QuartzCore.framework; sourceTree = SDKROOT; };
		58A21E6719017B760079B2D1 /* StoreKit.framework */ = {isa = PBXFileReference; lastKnownFileType = wrapper.framework; name = StoreKit.framework; path = System/Library/Frameworks/StoreKit.framework; sourceTree = SDKROOT; };
		58A21E7C19017D150079B2D1 /* MBProgressHUD.h */ = {isa = PBXFileReference; fileEncoding = 4; lastKnownFileType = sourcecode.c.h; path = MBProgressHUD.h; sourceTree = "<group>"; };
		58A21E7D19017D150079B2D1 /* MBProgressHUD.m */ = {isa = PBXFileReference; fileEncoding = 4; lastKnownFileType = sourcecode.c.objc; path = MBProgressHUD.m; sourceTree = "<group>"; };
		58A21E8819017F230079B2D1 /* TableDefine.h */ = {isa = PBXFileReference; fileEncoding = 4; lastKnownFileType = sourcecode.c.h; path = TableDefine.h; sourceTree = "<group>"; };
		58A21E8919017F230079B2D1 /* TableDefine.m */ = {isa = PBXFileReference; fileEncoding = 4; lastKnownFileType = sourcecode.c.objc; path = TableDefine.m; sourceTree = "<group>"; };
		58A21E8C1902009B0079B2D1 /* SqliteBaseService.h */ = {isa = PBXFileReference; fileEncoding = 4; lastKnownFileType = sourcecode.c.h; path = SqliteBaseService.h; sourceTree = "<group>"; };
		58A21E8D1902009B0079B2D1 /* SqliteBaseService.m */ = {isa = PBXFileReference; fileEncoding = 4; lastKnownFileType = sourcecode.c.objc; path = SqliteBaseService.m; sourceTree = "<group>"; };
		58A21E8F190215320079B2D1 /* Utility.h */ = {isa = PBXFileReference; fileEncoding = 4; lastKnownFileType = sourcecode.c.h; path = Utility.h; sourceTree = "<group>"; };
		58A21E90190215320079B2D1 /* Utility.m */ = {isa = PBXFileReference; fileEncoding = 4; lastKnownFileType = sourcecode.c.objc; path = Utility.m; sourceTree = "<group>"; };
		58A21F4419022AC30079B2D1 /* CoreText.framework */ = {isa = PBXFileReference; lastKnownFileType = wrapper.framework; name = CoreText.framework; path = System/Library/Frameworks/CoreText.framework; sourceTree = SDKROOT; };
		58A21F4619022ACE0079B2D1 /* GLKit.framework */ = {isa = PBXFileReference; lastKnownFileType = wrapper.framework; name = GLKit.framework; path = System/Library/Frameworks/GLKit.framework; sourceTree = SDKROOT; };
		58A21F4819022ADA0079B2D1 /* ImageIO.framework */ = {isa = PBXFileReference; lastKnownFileType = wrapper.framework; name = ImageIO.framework; path = System/Library/Frameworks/ImageIO.framework; sourceTree = SDKROOT; };
		58A21F4A19022AED0079B2D1 /* libc++.dylib */ = {isa = PBXFileReference; lastKnownFileType = "compiled.mach-o.dylib"; name = "libc++.dylib"; path = "usr/lib/libc++.dylib"; sourceTree = SDKROOT; };
		58A21F4C19022B0A0079B2D1 /* libicucore.dylib */ = {isa = PBXFileReference; lastKnownFileType = "compiled.mach-o.dylib"; name = libicucore.dylib; path = usr/lib/libicucore.dylib; sourceTree = SDKROOT; };
		58A21F4E19022B110079B2D1 /* libz.dylib */ = {isa = PBXFileReference; lastKnownFileType = "compiled.mach-o.dylib"; name = libz.dylib; path = usr/lib/libz.dylib; sourceTree = SDKROOT; };
		58A21F5019022B190079B2D1 /* OpenGLES.framework */ = {isa = PBXFileReference; lastKnownFileType = wrapper.framework; name = OpenGLES.framework; path = System/Library/Frameworks/OpenGLES.framework; sourceTree = SDKROOT; };
		58A21F52190382510079B2D1 /* GoogleMapAPIKey.h */ = {isa = PBXFileReference; fileEncoding = 4; lastKnownFileType = sourcecode.c.h; path = GoogleMapAPIKey.h; sourceTree = "<group>"; };
		58B37A0D19009E9700633172 /* NeoCafesagashiSpec.m */ = {isa = PBXFileReference; fileEncoding = 4; lastKnownFileType = sourcecode.c.objc; path = NeoCafesagashiSpec.m; sourceTree = "<group>"; };
		58B93C6C190583180064F2F8 /* Common.h */ = {isa = PBXFileReference; fileEncoding = 4; lastKnownFileType = sourcecode.c.h; path = Common.h; sourceTree = "<group>"; };
		58B93C6D190583180064F2F8 /* Common.m */ = {isa = PBXFileReference; fileEncoding = 4; lastKnownFileType = sourcecode.c.objc; path = Common.m; sourceTree = "<group>"; };
		58BB6D3719A0667A00E01593 /* api_265_65.gif */ = {isa = PBXFileReference; lastKnownFileType = image.gif; path = api_265_65.gif; sourceTree = "<group>"; };
		58D46E10190F9D4A00D8F910 /* Cafes.h */ = {isa = PBXFileReference; fileEncoding = 4; lastKnownFileType = sourcecode.c.h; path = Cafes.h; sourceTree = "<group>"; };
		58D46E11190F9D4A00D8F910 /* Cafes.m */ = {isa = PBXFileReference; fileEncoding = 4; lastKnownFileType = sourcecode.c.objc; path = Cafes.m; sourceTree = "<group>"; };
		58D46E14190F9E4E00D8F910 /* CafeService.h */ = {isa = PBXFileReference; fileEncoding = 4; lastKnownFileType = sourcecode.c.h; path = CafeService.h; sourceTree = "<group>"; };
		58D46E15190F9E4E00D8F910 /* CafeService.m */ = {isa = PBXFileReference; fileEncoding = 4; lastKnownFileType = sourcecode.c.objc; path = CafeService.m; sourceTree = "<group>"; };
		58ED7A6C1A9C534900180F42 /* Crashlytics.framework */ = {isa = PBXFileReference; lastKnownFileType = wrapper.framework; path = Crashlytics.framework; sourceTree = "<group>"; };
		58ED7A6D1A9C534900180F42 /* Fabric.framework */ = {isa = PBXFileReference; lastKnownFileType = wrapper.framework; path = Fabric.framework; sourceTree = "<group>"; };
		58F97C6F1A9CECB500B1A161 /* libPods-FMDB.a */ = {isa = PBXFileReference; lastKnownFileType = archive.ar; name = "libPods-FMDB.a"; path = "Pods/build/Release-iphoneos/libPods-FMDB.a"; sourceTree = "<group>"; };
		58F97C711A9CECBB00B1A161 /* libPods-SMCalloutView.a */ = {isa = PBXFileReference; lastKnownFileType = archive.ar; name = "libPods-SMCalloutView.a"; path = "Pods/build/Release-iphoneos/libPods-SMCalloutView.a"; sourceTree = "<group>"; };
		58F97C7A1A9EF8EE00B1A161 /* GoogleMobileAds.framework */ = {isa = PBXFileReference; lastKnownFileType = wrapper.framework; name = GoogleMobileAds.framework; path = "../../Downloads/GoogleMobileAdsSdkiOS-7.0.0/GoogleMobileAds.framework"; sourceTree = "<group>"; };
		73F727E67369A78B33088AF7 /* Pods.adhoc.xcconfig */ = {isa = PBXFileReference; includeInIndex = 1; lastKnownFileType = text.xcconfig; name = Pods.adhoc.xcconfig; path = "Pods/Target Support Files/Pods/Pods.adhoc.xcconfig"; sourceTree = "<group>"; };
		8DB7B13C36C945978084E688 /* libPods.a */ = {isa = PBXFileReference; explicitFileType = archive.ar; includeInIndex = 0; path = libPods.a; sourceTree = BUILT_PRODUCTS_DIR; };
		D0FD186BC5D0C31AE9A9F13E /* Pods.release.xcconfig */ = {isa = PBXFileReference; includeInIndex = 1; lastKnownFileType = text.xcconfig; name = Pods.release.xcconfig; path = "Pods/Target Support Files/Pods/Pods.release.xcconfig"; sourceTree = "<group>"; };
		FBF7E230B1AE13C5E6BF3F93 /* Pods.debug.xcconfig */ = {isa = PBXFileReference; includeInIndex = 1; lastKnownFileType = text.xcconfig; name = Pods.debug.xcconfig; path = "Pods/Target Support Files/Pods/Pods.debug.xcconfig"; sourceTree = "<group>"; };
/* End PBXFileReference section */

/* Begin PBXFrameworksBuildPhase section */
		5864C5E818FDE6DC00A54149 /* Frameworks */ = {
			isa = PBXFrameworksBuildPhase;
			buildActionMask = 2147483647;
			files = (
				580EE35119064E0400F39E4E /* GoogleMaps.framework in Frameworks */,
				580EE33C190646DE00F39E4E /* CoreData.framework in Frameworks */,
				580EE33A1906460F00F39E4E /* libsqlite3.dylib in Frameworks */,
				580EE338190645CA00F39E4E /* libsqlite3.0.dylib in Frameworks */,
				5864C5F118FDE6DC00A54149 /* CoreGraphics.framework in Frameworks */,
				58A21E6819017B760079B2D1 /* AdSupport.framework in Frameworks */,
				58A21E6919017B760079B2D1 /* AudioToolbox.framework in Frameworks */,
				580EE3361906456E00F39E4E /* SystemConfiguration.framework in Frameworks */,
				58A21E7019017B760079B2D1 /* StoreKit.framework in Frameworks */,
				580EE3341906448100F39E4E /* AVFoundation.framework in Frameworks */,
				58A21F5119022B190079B2D1 /* OpenGLES.framework in Frameworks */,
				58ED7A6F1A9C534900180F42 /* Fabric.framework in Frameworks */,
				58A21F4F19022B110079B2D1 /* libz.dylib in Frameworks */,
				58A21F4D19022B0A0079B2D1 /* libicucore.dylib in Frameworks */,
				58A21F4B19022AED0079B2D1 /* libc++.dylib in Frameworks */,
				58A21F4919022ADA0079B2D1 /* ImageIO.framework in Frameworks */,
				58A21F4719022ACE0079B2D1 /* GLKit.framework in Frameworks */,
				58A21F4519022AC30079B2D1 /* CoreText.framework in Frameworks */,
				58A21E6A19017B760079B2D1 /* CFNetwork.framework in Frameworks */,
				58A21E6B19017B760079B2D1 /* CoreLocation.framework in Frameworks */,
				58A21E6C19017B760079B2D1 /* CoreTelephony.framework in Frameworks */,
				58A21E6D19017B760079B2D1 /* MessageUI.framework in Frameworks */,
				58A21E6E19017B760079B2D1 /* MobileCoreServices.framework in Frameworks */,
				58A21E6F19017B760079B2D1 /* QuartzCore.framework in Frameworks */,
				58274A6E18FF4A5E00B54D91 /* MapKit.framework in Frameworks */,
				5864C5F318FDE6DC00A54149 /* UIKit.framework in Frameworks */,
				58ED7A6E1A9C534900180F42 /* Crashlytics.framework in Frameworks */,
				5864C5EF18FDE6DC00A54149 /* Foundation.framework in Frameworks */,
				C891D5C2391A4E8BB0D48315 /* libPods.a in Frameworks */,
			);
			runOnlyForDeploymentPostprocessing = 0;
		};
		5864C60C18FDE6DC00A54149 /* Frameworks */ = {
			isa = PBXFrameworksBuildPhase;
			buildActionMask = 2147483647;
			files = (
				580EE34A1906486E00F39E4E /* libc++.dylib in Frameworks */,
				580EE34B1906486E00F39E4E /* libicucore.dylib in Frameworks */,
				580EE34C1906486E00F39E4E /* libz.dylib in Frameworks */,
				580EE33E1906482200F39E4E /* AVFoundation.framework in Frameworks */,
				580EE3401906482200F39E4E /* CoreData.framework in Frameworks */,
				580EE3411906482200F39E4E /* CoreLocation.framework in Frameworks */,
				580EE3421906482200F39E4E /* CoreText.framework in Frameworks */,
				580EE3431906482200F39E4E /* GLKit.framework in Frameworks */,
				580EE3441906482200F39E4E /* ImageIO.framework in Frameworks */,
				580EE3451906482200F39E4E /* libsqlite3.0.dylib in Frameworks */,
				580EE3461906482200F39E4E /* MessageUI.framework in Frameworks */,
				580EE3471906482200F39E4E /* OpenGLES.framework in Frameworks */,
				580EE3481906482200F39E4E /* QuartzCore.framework in Frameworks */,
				580EE3491906482200F39E4E /* SystemConfiguration.framework in Frameworks */,
				5864C61118FDE6DC00A54149 /* XCTest.framework in Frameworks */,
				5864C61318FDE6DC00A54149 /* UIKit.framework in Frameworks */,
				5864C61218FDE6DC00A54149 /* Foundation.framework in Frameworks */,
				3F67673207EC42BB89A594D1 /* libPods-NeoCafesagashiTests.a in Frameworks */,
			);
			runOnlyForDeploymentPostprocessing = 0;
		};
/* End PBXFrameworksBuildPhase section */

/* Begin PBXGroup section */
		58274A6B18FF4A1D00B54D91 /* common */ = {
			isa = PBXGroup;
			children = (
				58B93C6C190583180064F2F8 /* Common.h */,
				58B93C6D190583180064F2F8 /* Common.m */,
				58A21E7C19017D150079B2D1 /* MBProgressHUD.h */,
				58A21E7D19017D150079B2D1 /* MBProgressHUD.m */,
				58A21E8F190215320079B2D1 /* Utility.h */,
				58A21E90190215320079B2D1 /* Utility.m */,
			);
			name = common;
			sourceTree = "<group>";
		};
		58274A6C18FF4A2600B54D91 /* image */ = {
			isa = PBXGroup;
			children = (
				581EB64A19AE122C00B5A409 /* Default-Porrait.png */,
				581EB64B19AE122C00B5A409 /* Default-Portrait@2x.png */,
				58BB6D3719A0667A00E01593 /* api_265_65.gif */,
				582AAAE0199F5A4300E11C4D /* icon-60@2x.png */,
				582AAADC199F59F500E11C4D /* icon-29@2x.png */,
				582AAADD199F59F500E11C4D /* icon-40@2x.png */,
				581535C5199ED42A005FD329 /* Default@2x.png */,
				581535C3199ECCF8005FD329 /* Default-568h@2x.png */,
				581535BD199E43D7005FD329 /* Default.png */,
				581774961995210C001A37D6 /* Icon-72.png */,
				581774971995210C001A37D6 /* Icon-72@2x.png */,
				581774981995210C001A37D6 /* Icon-76.png */,
				581774991995210C001A37D6 /* Icon-76@2x.png */,
				58177492199520D8001A37D6 /* Icon.png */,
				58177493199520D8001A37D6 /* Icon@2x.png */,
				581774A61995AA3C001A37D6 /* pin1.png */,
				581774A71995AA3C001A37D6 /* pin1@2x.png */,
			);
			name = image;
			sourceTree = "<group>";
		};
		58274A7018FF4C3B00B54D91 /* conf */ = {
			isa = PBXGroup;
			children = (
				58A21E8819017F230079B2D1 /* TableDefine.h */,
				58A21E8919017F230079B2D1 /* TableDefine.m */,
				58D46E10190F9D4A00D8F910 /* Cafes.h */,
				58D46E11190F9D4A00D8F910 /* Cafes.m */,
			);
			name = conf;
			sourceTree = "<group>";
		};
		5864C5E218FDE6DC00A54149 = {
			isa = PBXGroup;
			children = (
				580EE35219064E8E00F39E4E /* GoogleMaps.bundle */,
				5864C5F418FDE6DC00A54149 /* NeoCafesagashi */,
				5864C61618FDE6DC00A54149 /* NeoCafesagashiTests */,
				5864C5ED18FDE6DC00A54149 /* Frameworks */,
				5864C5EC18FDE6DC00A54149 /* Products */,
				E0136D6F2B2BDDB52042C83C /* Pods */,
			);
			sourceTree = "<group>";
		};
		5864C5EC18FDE6DC00A54149 /* Products */ = {
			isa = PBXGroup;
			children = (
				5864C5EB18FDE6DC00A54149 /* NeoCafesagashi.app */,
				5864C60F18FDE6DC00A54149 /* NeoCafesagashiTests.xctest */,
			);
			name = Products;
			sourceTree = "<group>";
		};
		5864C5ED18FDE6DC00A54149 /* Frameworks */ = {
			isa = PBXGroup;
			children = (
				58F97C7A1A9EF8EE00B1A161 /* GoogleMobileAds.framework */,
				58F97C711A9CECBB00B1A161 /* libPods-SMCalloutView.a */,
				58F97C6F1A9CECB500B1A161 /* libPods-FMDB.a */,
				589DC7531A9CCCC20062B479 /* libPods-SMCalloutView.a */,
				589DC7511A9CCCB90062B479 /* libPods-FMDB.a */,
				589DC74F1A9CC8440062B479 /* libPods-SMCalloutView.a */,
				589DC74D1A9CC7F70062B479 /* libPods-FMDB.a */,
				580EE35019064E0400F39E4E /* GoogleMaps.framework */,
				580EE33B190646DE00F39E4E /* CoreData.framework */,
				580EE3391906460F00F39E4E /* libsqlite3.dylib */,
				580EE337190645CA00F39E4E /* libsqlite3.0.dylib */,
				580EE3351906456E00F39E4E /* SystemConfiguration.framework */,
				580EE3331906448100F39E4E /* AVFoundation.framework */,
				58A21F5019022B190079B2D1 /* OpenGLES.framework */,
				58A21F4E19022B110079B2D1 /* libz.dylib */,
				58A21F4C19022B0A0079B2D1 /* libicucore.dylib */,
				58A21F4A19022AED0079B2D1 /* libc++.dylib */,
				58A21F4819022ADA0079B2D1 /* ImageIO.framework */,
				58A21F4619022ACE0079B2D1 /* GLKit.framework */,
				58A21F4419022AC30079B2D1 /* CoreText.framework */,
				58A21E5F19017B760079B2D1 /* AdSupport.framework */,
				58A21E6019017B760079B2D1 /* AudioToolbox.framework */,
				58A21E6119017B760079B2D1 /* CFNetwork.framework */,
				58A21E6219017B760079B2D1 /* CoreLocation.framework */,
				58A21E6319017B760079B2D1 /* CoreTelephony.framework */,
				58A21E6419017B760079B2D1 /* MessageUI.framework */,
				58A21E6519017B760079B2D1 /* MobileCoreServices.framework */,
				58A21E6619017B760079B2D1 /* QuartzCore.framework */,
				58A21E6719017B760079B2D1 /* StoreKit.framework */,
				58274A6D18FF4A5E00B54D91 /* MapKit.framework */,
				5864C5EE18FDE6DC00A54149 /* Foundation.framework */,
				5864C5F018FDE6DC00A54149 /* CoreGraphics.framework */,
				5864C5F218FDE6DC00A54149 /* UIKit.framework */,
				5864C61018FDE6DC00A54149 /* XCTest.framework */,
				0BD4B63E222A4C6E837BE7FF /* libPods-NeoCafesagashiTests.a */,
				8DB7B13C36C945978084E688 /* libPods.a */,
			);
			name = Frameworks;
			sourceTree = "<group>";
		};
		5864C5F418FDE6DC00A54149 /* NeoCafesagashi */ = {
			isa = PBXGroup;
			children = (
				58ED7A6C1A9C534900180F42 /* Crashlytics.framework */,
				58ED7A6D1A9C534900180F42 /* Fabric.framework */,
				58A21E8B1902008E0079B2D1 /* service */,
				58274A7018FF4C3B00B54D91 /* conf */,
				58274A6C18FF4A2600B54D91 /* image */,
				58274A6B18FF4A1D00B54D91 /* common */,
				5864C5FD18FDE6DC00A54149 /* AppDelegate.h */,
				5864C5FE18FDE6DC00A54149 /* AppDelegate.m */,
				5864C60018FDE6DC00A54149 /* Main_iPhone.storyboard */,
				5864C60618FDE6DC00A54149 /* ViewController.h */,
				5864C60718FDE6DC00A54149 /* ViewController.m */,
				5864C60918FDE6DC00A54149 /* Images.xcassets */,
				5864C5F518FDE6DC00A54149 /* Supporting Files */,
				58A21F52190382510079B2D1 /* GoogleMapAPIKey.h */,
				580EE32F1905874900F39E4E /* CommonTest.m */,
				5863E52719192693004CFA07 /* Web.h */,
				5863E52819192693004CFA07 /* Web.m */,
				582AAAE2199F5D1100E11C4D /* Main_iPad.storyboard */,
			);
			path = NeoCafesagashi;
			sourceTree = "<group>";
		};
		5864C5F518FDE6DC00A54149 /* Supporting Files */ = {
			isa = PBXGroup;
			children = (
				58579EF51980000000D959D8 /* cafesagashi.db */,
				5864C5F618FDE6DC00A54149 /* NeoCafesagashi-Info.plist */,
				5864C5F718FDE6DC00A54149 /* InfoPlist.strings */,
				5864C5FA18FDE6DC00A54149 /* main.m */,
				5864C5FC18FDE6DC00A54149 /* NeoCafesagashi-Prefix.pch */,
			);
			name = "Supporting Files";
			sourceTree = "<group>";
		};
		5864C61618FDE6DC00A54149 /* NeoCafesagashiTests */ = {
			isa = PBXGroup;
			children = (
				5864C61C18FDE6DC00A54149 /* NeoCafesagashiTests.m */,
				5864C61718FDE6DC00A54149 /* Supporting Files */,
				58B37A0D19009E9700633172 /* NeoCafesagashiSpec.m */,
				5866E1A2190B432C000DC5EC /* UtilityTest.m */,
			);
			path = NeoCafesagashiTests;
			sourceTree = "<group>";
		};
		5864C61718FDE6DC00A54149 /* Supporting Files */ = {
			isa = PBXGroup;
			children = (
				5864C61818FDE6DC00A54149 /* NeoCafesagashiTests-Info.plist */,
				5864C61918FDE6DC00A54149 /* InfoPlist.strings */,
			);
			name = "Supporting Files";
			sourceTree = "<group>";
		};
		58A21E8B1902008E0079B2D1 /* service */ = {
			isa = PBXGroup;
			children = (
				58A21E8C1902009B0079B2D1 /* SqliteBaseService.h */,
				58A21E8D1902009B0079B2D1 /* SqliteBaseService.m */,
				58D46E14190F9E4E00D8F910 /* CafeService.h */,
				58D46E15190F9E4E00D8F910 /* CafeService.m */,
			);
			name = service;
			sourceTree = "<group>";
		};
		E0136D6F2B2BDDB52042C83C /* Pods */ = {
			isa = PBXGroup;
			children = (
				FBF7E230B1AE13C5E6BF3F93 /* Pods.debug.xcconfig */,
				D0FD186BC5D0C31AE9A9F13E /* Pods.release.xcconfig */,
				73F727E67369A78B33088AF7 /* Pods.adhoc.xcconfig */,
			);
			name = Pods;
			sourceTree = "<group>";
		};
/* End PBXGroup section */

/* Begin PBXNativeTarget section */
		5864C5EA18FDE6DC00A54149 /* NeoCafesagashi */ = {
			isa = PBXNativeTarget;
			buildConfigurationList = 5864C62018FDE6DC00A54149 /* Build configuration list for PBXNativeTarget "NeoCafesagashi" */;
			buildPhases = (
				69A1C390FCD84842B44A4D35 /* Check Pods Manifest.lock */,
				5864C5E718FDE6DC00A54149 /* Sources */,
				5864C5E818FDE6DC00A54149 /* Frameworks */,
				5864C5E918FDE6DC00A54149 /* Resources */,
				82587C22FABB4EFAAE9CE357 /* Copy Pods Resources */,
				58ED7A6B1A9C52CE00180F42 /* ShellScript */,
			);
			buildRules = (
			);
			dependencies = (
			);
			name = NeoCafesagashi;
			productName = NeoCafesagashi;
			productReference = 5864C5EB18FDE6DC00A54149 /* NeoCafesagashi.app */;
			productType = "com.apple.product-type.application";
		};
		5864C60E18FDE6DC00A54149 /* NeoCafesagashiTests */ = {
			isa = PBXNativeTarget;
			buildConfigurationList = 5864C62318FDE6DC00A54149 /* Build configuration list for PBXNativeTarget "NeoCafesagashiTests" */;
			buildPhases = (
				6A081E60C61E4F32A362A265 /* Check Pods Manifest.lock */,
				5864C60B18FDE6DC00A54149 /* Sources */,
				5864C60C18FDE6DC00A54149 /* Frameworks */,
				5864C60D18FDE6DC00A54149 /* Resources */,
				6DDF43284CF04B319E4431B1 /* Copy Pods Resources */,
			);
			buildRules = (
			);
			dependencies = (
				5864C61518FDE6DC00A54149 /* PBXTargetDependency */,
			);
			name = NeoCafesagashiTests;
			productName = NeoCafesagashiTests;
			productReference = 5864C60F18FDE6DC00A54149 /* NeoCafesagashiTests.xctest */;
			productType = "com.apple.product-type.bundle.unit-test";
		};
/* End PBXNativeTarget section */

/* Begin PBXProject section */
		5864C5E318FDE6DC00A54149 /* Project object */ = {
			isa = PBXProject;
			attributes = {
				LastUpgradeCheck = 0510;
				ORGANIZATIONNAME = "HIRATSUKA SHUNSUKE";
				TargetAttributes = {
					5864C5EA18FDE6DC00A54149 = {
						DevelopmentTeam = GSX2TRMV6J;
					};
					5864C60E18FDE6DC00A54149 = {
						TestTargetID = 5864C5EA18FDE6DC00A54149;
					};
				};
			};
			buildConfigurationList = 5864C5E618FDE6DC00A54149 /* Build configuration list for PBXProject "NeoCafesagashi" */;
			compatibilityVersion = "Xcode 3.2";
			developmentRegion = English;
			hasScannedForEncodings = 0;
			knownRegions = (
				en,
				Base,
				ar,
				ca,
				cs,
				da,
				de,
				el,
				en_GB,
				es,
				fi,
				fr,
				he,
				hr,
				hu,
				id,
				it,
				ja,
				ko,
				ms,
				nl,
				no,
				pl,
				pt,
				pt_PT,
				ro,
				ru,
				sk,
				sv,
				th,
				tr,
				uk,
				vi,
				zh_CN,
				zh_TW,
			);
			mainGroup = 5864C5E218FDE6DC00A54149;
			productRefGroup = 5864C5EC18FDE6DC00A54149 /* Products */;
			projectDirPath = "";
			projectRoot = "";
			targets = (
				5864C5EA18FDE6DC00A54149 /* NeoCafesagashi */,
				5864C60E18FDE6DC00A54149 /* NeoCafesagashiTests */,
			);
		};
/* End PBXProject section */

/* Begin PBXResourcesBuildPhase section */
		5864C5E918FDE6DC00A54149 /* Resources */ = {
			isa = PBXResourcesBuildPhase;
			buildActionMask = 2147483647;
			files = (
				582AAADE199F59F500E11C4D /* icon-29@2x.png in Resources */,
				581535C6199ED42A005FD329 /* Default@2x.png in Resources */,
				581774A91995AA3C001A37D6 /* pin1@2x.png in Resources */,
				58177494199520D8001A37D6 /* Icon.png in Resources */,
				5864C60A18FDE6DC00A54149 /* Images.xcassets in Resources */,
				5817749B1995210C001A37D6 /* Icon-72@2x.png in Resources */,
				58BB6D3819A0667A00E01593 /* api_265_65.gif in Resources */,
				581EB64D19AE122C00B5A409 /* Default-Portrait@2x.png in Resources */,
				58177495199520D8001A37D6 /* Icon@2x.png in Resources */,
				582AAAE3199F5D1100E11C4D /* Main_iPad.storyboard in Resources */,
				5864C60218FDE6DC00A54149 /* Main_iPhone.storyboard in Resources */,
				5817749D1995210C001A37D6 /* Icon-76@2x.png in Resources */,
				581EB64C19AE122C00B5A409 /* Default-Porrait.png in Resources */,
				58579EF61980000000D959D8 /* cafesagashi.db in Resources */,
				5817749A1995210C001A37D6 /* Icon-72.png in Resources */,
				582AAADF199F59F500E11C4D /* icon-40@2x.png in Resources */,
				5817749C1995210C001A37D6 /* Icon-76.png in Resources */,
				580EE35319064E8E00F39E4E /* GoogleMaps.bundle in Resources */,
				581535C0199E43D7005FD329 /* Default.png in Resources */,
				581535C4199ECCF8005FD329 /* Default-568h@2x.png in Resources */,
				581774A81995AA3C001A37D6 /* pin1.png in Resources */,
				5864C5F918FDE6DC00A54149 /* InfoPlist.strings in Resources */,
				582AAAE1199F5A4300E11C4D /* icon-60@2x.png in Resources */,
			);
			runOnlyForDeploymentPostprocessing = 0;
		};
		5864C60D18FDE6DC00A54149 /* Resources */ = {
			isa = PBXResourcesBuildPhase;
			buildActionMask = 2147483647;
			files = (
				580EE35419064E9700F39E4E /* GoogleMaps.bundle in Resources */,
				5864C61B18FDE6DC00A54149 /* InfoPlist.strings in Resources */,
			);
			runOnlyForDeploymentPostprocessing = 0;
		};
/* End PBXResourcesBuildPhase section */

/* Begin PBXShellScriptBuildPhase section */
		58ED7A6B1A9C52CE00180F42 /* ShellScript */ = {
			isa = PBXShellScriptBuildPhase;
			buildActionMask = 2147483647;
			files = (
			);
			inputPaths = (
			);
			outputPaths = (
			);
			runOnlyForDeploymentPostprocessing = 0;
			shellPath = /bin/sh;
			shellScript = "./Fabric.framework/run 07e9dab2e311c6f10370cd83aa01c97b4f8ec282 ed7615adb1e1dafda830844ee945dcb01d870f6ca1613742825be8339b5dcdfb";
		};
		69A1C390FCD84842B44A4D35 /* Check Pods Manifest.lock */ = {
			isa = PBXShellScriptBuildPhase;
			buildActionMask = 2147483647;
			files = (
			);
			inputPaths = (
			);
			name = "Check Pods Manifest.lock";
			outputPaths = (
			);
			runOnlyForDeploymentPostprocessing = 0;
			shellPath = /bin/sh;
			shellScript = "diff \"${PODS_ROOT}/../Podfile.lock\" \"${PODS_ROOT}/Manifest.lock\" > /dev/null\nif [[ $? != 0 ]] ; then\n    cat << EOM\nerror: The sandbox is not in sync with the Podfile.lock. Run 'pod install' or update your CocoaPods installation.\nEOM\n    exit 1\nfi\n";
			showEnvVarsInLog = 0;
		};
		6A081E60C61E4F32A362A265 /* Check Pods Manifest.lock */ = {
			isa = PBXShellScriptBuildPhase;
			buildActionMask = 2147483647;
			files = (
			);
			inputPaths = (
			);
			name = "Check Pods Manifest.lock";
			outputPaths = (
			);
			runOnlyForDeploymentPostprocessing = 0;
			shellPath = /bin/sh;
			shellScript = "diff \"${PODS_ROOT}/../Podfile.lock\" \"${PODS_ROOT}/Manifest.lock\" > /dev/null\nif [[ $? != 0 ]] ; then\n    cat << EOM\nerror: The sandbox is not in sync with the Podfile.lock. Run 'pod install' or update your CocoaPods installation.\nEOM\n    exit 1\nfi\n";
			showEnvVarsInLog = 0;
		};
		6DDF43284CF04B319E4431B1 /* Copy Pods Resources */ = {
			isa = PBXShellScriptBuildPhase;
			buildActionMask = 2147483647;
			files = (
			);
			inputPaths = (
			);
			name = "Copy Pods Resources";
			outputPaths = (
			);
			runOnlyForDeploymentPostprocessing = 0;
			shellPath = /bin/sh;
			shellScript = "\"${SRCROOT}/Pods/Pods-NeoCafesagashiTests-resources.sh\"\n";
			showEnvVarsInLog = 0;
		};
		82587C22FABB4EFAAE9CE357 /* Copy Pods Resources */ = {
			isa = PBXShellScriptBuildPhase;
			buildActionMask = 2147483647;
			files = (
			);
			inputPaths = (
			);
			name = "Copy Pods Resources";
			outputPaths = (
			);
			runOnlyForDeploymentPostprocessing = 0;
			shellPath = /bin/sh;
			shellScript = "\"${SRCROOT}/Pods/Target Support Files/Pods/Pods-resources.sh\"\n";
			showEnvVarsInLog = 0;
		};
/* End PBXShellScriptBuildPhase section */

/* Begin PBXSourcesBuildPhase section */
		5864C5E718FDE6DC00A54149 /* Sources */ = {
			isa = PBXSourcesBuildPhase;
			buildActionMask = 2147483647;
			files = (
				58D46E12190F9D4A00D8F910 /* Cafes.m in Sources */,
				58B93C6E190583180064F2F8 /* Common.m in Sources */,
				5864C60818FDE6DC00A54149 /* ViewController.m in Sources */,
				5864C5FF18FDE6DC00A54149 /* AppDelegate.m in Sources */,
				58A21E91190215320079B2D1 /* Utility.m in Sources */,
				58A21E8A19017F230079B2D1 /* TableDefine.m in Sources */,
				58A21E8E1902009B0079B2D1 /* SqliteBaseService.m in Sources */,
				5863E52A19192693004CFA07 /* Web.m in Sources */,
				5864C5FB18FDE6DC00A54149 /* main.m in Sources */,
				58A21E7E19017D150079B2D1 /* MBProgressHUD.m in Sources */,
				58D46E16190F9E4E00D8F910 /* CafeService.m in Sources */,
			);
			runOnlyForDeploymentPostprocessing = 0;
		};
		5864C60B18FDE6DC00A54149 /* Sources */ = {
			isa = PBXSourcesBuildPhase;
			buildActionMask = 2147483647;
			files = (
				5866E1A3190B432C000DC5EC /* UtilityTest.m in Sources */,
				580EE3301905874900F39E4E /* CommonTest.m in Sources */,
				58D46E17190F9E4E00D8F910 /* CafeService.m in Sources */,
				58D46E13190F9D4A00D8F910 /* Cafes.m in Sources */,
				5864C61D18FDE6DC00A54149 /* NeoCafesagashiTests.m in Sources */,
				5863E52B19192693004CFA07 /* Web.m in Sources */,
				58B37A0E19009E9700633172 /* NeoCafesagashiSpec.m in Sources */,
			);
			runOnlyForDeploymentPostprocessing = 0;
		};
/* End PBXSourcesBuildPhase section */

/* Begin PBXTargetDependency section */
		5864C61518FDE6DC00A54149 /* PBXTargetDependency */ = {
			isa = PBXTargetDependency;
			target = 5864C5EA18FDE6DC00A54149 /* NeoCafesagashi */;
			targetProxy = 5864C61418FDE6DC00A54149 /* PBXContainerItemProxy */;
		};
/* End PBXTargetDependency section */

/* Begin PBXVariantGroup section */
		5864C5F718FDE6DC00A54149 /* InfoPlist.strings */ = {
			isa = PBXVariantGroup;
			children = (
				5864C5F818FDE6DC00A54149 /* en */,
			);
			name = InfoPlist.strings;
			sourceTree = "<group>";
		};
		5864C60018FDE6DC00A54149 /* Main_iPhone.storyboard */ = {
			isa = PBXVariantGroup;
			children = (
				5864C60118FDE6DC00A54149 /* Base */,
			);
			name = Main_iPhone.storyboard;
			sourceTree = "<group>";
		};
		5864C61918FDE6DC00A54149 /* InfoPlist.strings */ = {
			isa = PBXVariantGroup;
			children = (
				5864C61A18FDE6DC00A54149 /* en */,
			);
			name = InfoPlist.strings;
			sourceTree = "<group>";
		};
/* End PBXVariantGroup section */

/* Begin XCBuildConfiguration section */
		5864C61E18FDE6DC00A54149 /* Debug */ = {
			isa = XCBuildConfiguration;
			buildSettings = {
				ALWAYS_SEARCH_USER_PATHS = NO;
				CLANG_CXX_LANGUAGE_STANDARD = "gnu++0x";
				CLANG_CXX_LIBRARY = "libc++";
				CLANG_ENABLE_MODULES = YES;
				CLANG_ENABLE_OBJC_ARC = YES;
				CLANG_WARN_BOOL_CONVERSION = YES;
				CLANG_WARN_CONSTANT_CONVERSION = YES;
				CLANG_WARN_DIRECT_OBJC_ISA_USAGE = YES_ERROR;
				CLANG_WARN_EMPTY_BODY = YES;
				CLANG_WARN_ENUM_CONVERSION = YES;
				CLANG_WARN_INT_CONVERSION = YES;
				CLANG_WARN_OBJC_ROOT_CLASS = YES_ERROR;
				CLANG_WARN__DUPLICATE_METHOD_MATCH = YES;
				"CODE_SIGN_IDENTITY[sdk=iphoneos*]" = "iPhone Developer";
				COPY_PHASE_STRIP = NO;
				GCC_C_LANGUAGE_STANDARD = gnu99;
				GCC_DYNAMIC_NO_PIC = NO;
				GCC_OPTIMIZATION_LEVEL = 0;
				GCC_PREPROCESSOR_DEFINITIONS = (
					"DEBUG=1",
					"$(inherited)",
				);
				GCC_SYMBOLS_PRIVATE_EXTERN = NO;
				GCC_WARN_64_TO_32_BIT_CONVERSION = YES;
				GCC_WARN_ABOUT_RETURN_TYPE = YES_ERROR;
				GCC_WARN_UNDECLARED_SELECTOR = YES;
				GCC_WARN_UNINITIALIZED_AUTOS = YES_AGGRESSIVE;
				GCC_WARN_UNUSED_FUNCTION = YES;
				GCC_WARN_UNUSED_VARIABLE = YES;
				IPHONEOS_DEPLOYMENT_TARGET = 7.1;
				ONLY_ACTIVE_ARCH = YES;
				SDKROOT = iphoneos;
				TARGETED_DEVICE_FAMILY = "1,2";
				TEST_HOST = "$(BUNDLE_LOADER)";
			};
			name = Debug;
		};
		5864C61F18FDE6DC00A54149 /* Release */ = {
			isa = XCBuildConfiguration;
			baseConfigurationReference = D0FD186BC5D0C31AE9A9F13E /* Pods.release.xcconfig */;
			buildSettings = {
				ALWAYS_SEARCH_USER_PATHS = NO;
				CLANG_CXX_LANGUAGE_STANDARD = "gnu++0x";
				CLANG_CXX_LIBRARY = "libc++";
				CLANG_ENABLE_MODULES = YES;
				CLANG_ENABLE_OBJC_ARC = YES;
				CLANG_WARN_BOOL_CONVERSION = YES;
				CLANG_WARN_CONSTANT_CONVERSION = YES;
				CLANG_WARN_DIRECT_OBJC_ISA_USAGE = YES_ERROR;
				CLANG_WARN_EMPTY_BODY = YES;
				CLANG_WARN_ENUM_CONVERSION = YES;
				CLANG_WARN_INT_CONVERSION = YES;
				CLANG_WARN_OBJC_ROOT_CLASS = YES_ERROR;
				CLANG_WARN__DUPLICATE_METHOD_MATCH = YES;
				"CODE_SIGN_IDENTITY[sdk=iphoneos*]" = "iPhone Developer";
				COPY_PHASE_STRIP = YES;
				ENABLE_NS_ASSERTIONS = NO;
				GCC_C_LANGUAGE_STANDARD = gnu99;
				GCC_WARN_64_TO_32_BIT_CONVERSION = YES;
				GCC_WARN_ABOUT_RETURN_TYPE = YES_ERROR;
				GCC_WARN_UNDECLARED_SELECTOR = YES;
				GCC_WARN_UNINITIALIZED_AUTOS = YES_AGGRESSIVE;
				GCC_WARN_UNUSED_FUNCTION = YES;
				GCC_WARN_UNUSED_VARIABLE = YES;
				IPHONEOS_DEPLOYMENT_TARGET = 7.1;
				SDKROOT = iphoneos;
				TARGETED_DEVICE_FAMILY = "1,2";
				TEST_HOST = "$(BUNDLE_LOADER)";
				VALIDATE_PRODUCT = YES;
			};
			name = Release;
		};
		5864C62118FDE6DC00A54149 /* Debug */ = {
			isa = XCBuildConfiguration;
			baseConfigurationReference = FBF7E230B1AE13C5E6BF3F93 /* Pods.debug.xcconfig */;
			buildSettings = {
				ARCHS = "$(ARCHS_STANDARD)";
				ASSETCATALOG_COMPILER_APPICON_NAME = AppIcon;
				ASSETCATALOG_COMPILER_LAUNCHIMAGE_NAME = LaunchImage;
				CODE_SIGN_IDENTITY = "iPhone Developer";
				"CODE_SIGN_IDENTITY[sdk=iphoneos*]" = "iPhone Developer";
				FRAMEWORK_SEARCH_PATHS = (
					"$(inherited)",
					"/Users/shiratsu/Downloads/GoogleMaps-iOS-1.7.2",
					"$(PROJECT_DIR)/NeoCafesagashi",
				);
				GCC_PRECOMPILE_PREFIX_HEADER = YES;
				GCC_PREFIX_HEADER = "NeoCafesagashi/NeoCafesagashi-Prefix.pch";
				GCC_PREPROCESSOR_DEFINITIONS = (
					"$(inherited)",
					"COCOAPODS=1",
					"ENABLE_PONYDEBUGGER=1",
				);
				HEADER_SEARCH_PATHS = (
					"$(inherited)",
					"/Applications/Xcode-Beta\\ 2.app/Contents/Developer/Toolchains/XcodeDefault.xctoolchain/usr/include",
					"\"${PODS_ROOT}/Headers\"",
					"\"${PODS_ROOT}/Headers/Public/FMDB\"",
					"\"${PODS_ROOT}/Headers/Public/SMCalloutView\"",
					"\"${PODS_ROOT}/Headers/Public/PonyDebugger\"",
					"\"${PODS_ROOT}/Headers/Public/SocketRocket\"",
					"\"${PODS_ROOT}/Headers/Public/Google-Mobile-Ads-SDK\"",
				);
				INFOPLIST_FILE = "NeoCafesagashi/NeoCafesagashi-Info.plist";
				IPHONEOS_DEPLOYMENT_TARGET = 7.0;
				LIBRARY_SEARCH_PATHS = (
					"$(inherited)",
					"$(PROJECT_DIR)/NeoCafesagashi",
					"$(PROJECT_DIR)/NeoCafesagashi/Add-ons/GoogleAnalyticsServicesiOS_3.06",
					"$(PROJECT_DIR)/Pods/build/Release-iphoneos",
				);
				MTL_ENABLE_DEBUG_INFO = Yes;
				ONLY_ACTIVE_ARCH = YES;
				OTHER_LDFLAGS = (
					"-ObjC",
					"$(inherited)",
				);
				PODS_ROOT = "${SRCROOT}/Pods";
				PRODUCT_NAME = "$(TARGET_NAME)";
				PROVISIONING_PROFILE = "";
				TARGETED_DEVICE_FAMILY = "1,2";
				USER_HEADER_SEARCH_PATHS = "";
				VALID_ARCHS = "armv7 armv7s arm64";
				WRAPPER_EXTENSION = app;
			};
			name = Debug;
		};
		5864C62218FDE6DC00A54149 /* Release */ = {
			isa = XCBuildConfiguration;
			baseConfigurationReference = D0FD186BC5D0C31AE9A9F13E /* Pods.release.xcconfig */;
			buildSettings = {
				ARCHS = "$(ARCHS_STANDARD)";
				ASSETCATALOG_COMPILER_APPICON_NAME = AppIcon;
				ASSETCATALOG_COMPILER_LAUNCHIMAGE_NAME = LaunchImage;
				CODE_SIGN_IDENTITY = "iPhone Developer";
				"CODE_SIGN_IDENTITY[sdk=iphoneos*]" = "iPhone Developer";
				FRAMEWORK_SEARCH_PATHS = (
					"$(inherited)",
					"/Users/shiratsu/Downloads/GoogleMaps-iOS-1.7.2",
					"$(PROJECT_DIR)/NeoCafesagashi",
				);
				GCC_PRECOMPILE_PREFIX_HEADER = YES;
				GCC_PREFIX_HEADER = "NeoCafesagashi/NeoCafesagashi-Prefix.pch";
				HEADER_SEARCH_PATHS = (
					"$(inherited)",
					"/Applications/Xcode-Beta\\ 2.app/Contents/Developer/Toolchains/XcodeDefault.xctoolchain/usr/include",
					"\"${PODS_ROOT}/Headers\"",
					"\"${PODS_ROOT}/Headers/Public/FMDB\"",
					"\"${PODS_ROOT}/Headers/Public/SMCalloutView\"",
					"\"${PODS_ROOT}/Headers/Public/PonyDebugger\"",
					"\"${PODS_ROOT}/Headers/Public/SocketRocket\"",
					"\"${PODS_ROOT}/Headers/Public/Google-Mobile-Ads-SDK\"",
				);
				INFOPLIST_FILE = "NeoCafesagashi/NeoCafesagashi-Info.plist";
				IPHONEOS_DEPLOYMENT_TARGET = 7.0;
				LIBRARY_SEARCH_PATHS = (
					"$(inherited)",
					"$(PROJECT_DIR)/NeoCafesagashi",
					"$(PROJECT_DIR)/NeoCafesagashi/Add-ons/GoogleAnalyticsServicesiOS_3.06",
					"$(PROJECT_DIR)/Pods/build/Release-iphoneos",
				);
				MTL_ENABLE_DEBUG_INFO = No;
				OTHER_LDFLAGS = (
					"-ObjC",
					"$(inherited)",
				);
				PODS_ROOT = "${SRCROOT}/Pods";
				PRODUCT_NAME = "$(TARGET_NAME)";
				PROVISIONING_PROFILE = "";
				TARGETED_DEVICE_FAMILY = "1,2";
				USER_HEADER_SEARCH_PATHS = "";
				VALID_ARCHS = "armv7 armv7s arm64";
				WRAPPER_EXTENSION = app;
			};
			name = Release;
		};
		5864C62418FDE6DC00A54149 /* Debug */ = {
			isa = XCBuildConfiguration;
			baseConfigurationReference = FBF7E230B1AE13C5E6BF3F93 /* Pods.debug.xcconfig */;
			buildSettings = {
				BUNDLE_LOADER = "$(BUILT_PRODUCTS_DIR)/NeoCafesagashi.app/NeoCafesagashi";
				FRAMEWORK_SEARCH_PATHS = (
					"$(SDKROOT)/Developer/Library/Frameworks",
					"$(inherited)",
					"$(DEVELOPER_FRAMEWORKS_DIR)",
					"/Users/shiratsu/Downloads/GoogleMaps-iOS-1.7.2",
				);
				GCC_PRECOMPILE_PREFIX_HEADER = YES;
				GCC_PREFIX_HEADER = "NeoCafesagashi/NeoCafesagashi-Prefix.pch";
				GCC_PREPROCESSOR_DEFINITIONS = (
					"DEBUG=1",
					"$(inherited)",
				);
				INFOPLIST_FILE = "NeoCafesagashiTests/NeoCafesagashiTests-Info.plist";
				OTHER_LDFLAGS = (
					"$(inherited)",
					"-framework",
					XCTest,
					"-ObjC",
				);
				PRODUCT_NAME = "$(TARGET_NAME)";
				TEST_HOST = "$(BUNDLE_LOADER)";
				VALID_ARCHS = "armv7 armv7s arm64";
				WRAPPER_EXTENSION = xctest;
			};
			name = Debug;
		};
		5864C62518FDE6DC00A54149 /* Release */ = {
			isa = XCBuildConfiguration;
			baseConfigurationReference = D0FD186BC5D0C31AE9A9F13E /* Pods.release.xcconfig */;
			buildSettings = {
				BUNDLE_LOADER = "$(BUILT_PRODUCTS_DIR)/NeoCafesagashi.app/NeoCafesagashi";
				FRAMEWORK_SEARCH_PATHS = (
					"$(SDKROOT)/Developer/Library/Frameworks",
					"$(inherited)",
					"$(DEVELOPER_FRAMEWORKS_DIR)",
					"/Users/shiratsu/Downloads/GoogleMaps-iOS-1.7.2",
				);
				GCC_PRECOMPILE_PREFIX_HEADER = YES;
				GCC_PREFIX_HEADER = "NeoCafesagashi/NeoCafesagashi-Prefix.pch";
				INFOPLIST_FILE = "NeoCafesagashiTests/NeoCafesagashiTests-Info.plist";
				OTHER_LDFLAGS = (
					"$(inherited)",
					"-framework",
					XCTest,
					"-ObjC",
				);
				PRODUCT_NAME = "$(TARGET_NAME)";
				TEST_HOST = "$(BUNDLE_LOADER)";
				VALID_ARCHS = "armv7 armv7s arm64";
				WRAPPER_EXTENSION = xctest;
			};
			name = Release;
		};
		587AFCC5199EDA0B00D83FE4 /* adhoc */ = {
			isa = XCBuildConfiguration;
			baseConfigurationReference = 73F727E67369A78B33088AF7 /* Pods.adhoc.xcconfig */;
			buildSettings = {
				ALWAYS_SEARCH_USER_PATHS = NO;
				CLANG_CXX_LANGUAGE_STANDARD = "gnu++0x";
				CLANG_CXX_LIBRARY = "libc++";
				CLANG_ENABLE_MODULES = YES;
				CLANG_ENABLE_OBJC_ARC = YES;
				CLANG_WARN_BOOL_CONVERSION = YES;
				CLANG_WARN_CONSTANT_CONVERSION = YES;
				CLANG_WARN_DIRECT_OBJC_ISA_USAGE = YES_ERROR;
				CLANG_WARN_EMPTY_BODY = YES;
				CLANG_WARN_ENUM_CONVERSION = YES;
				CLANG_WARN_INT_CONVERSION = YES;
				CLANG_WARN_OBJC_ROOT_CLASS = YES_ERROR;
				CLANG_WARN__DUPLICATE_METHOD_MATCH = YES;
				"CODE_SIGN_IDENTITY[sdk=iphoneos*]" = "iPhone Developer";
				COPY_PHASE_STRIP = YES;
				ENABLE_NS_ASSERTIONS = NO;
				GCC_C_LANGUAGE_STANDARD = gnu99;
				GCC_WARN_64_TO_32_BIT_CONVERSION = YES;
				GCC_WARN_ABOUT_RETURN_TYPE = YES_ERROR;
				GCC_WARN_UNDECLARED_SELECTOR = YES;
				GCC_WARN_UNINITIALIZED_AUTOS = YES_AGGRESSIVE;
				GCC_WARN_UNUSED_FUNCTION = YES;
				GCC_WARN_UNUSED_VARIABLE = YES;
				IPHONEOS_DEPLOYMENT_TARGET = 7.1;
				SDKROOT = iphoneos;
				TARGETED_DEVICE_FAMILY = "1,2";
				TEST_HOST = "$(BUNDLE_LOADER)";
				VALIDATE_PRODUCT = YES;
			};
			name = adhoc;
		};
		587AFCC6199EDA0B00D83FE4 /* adhoc */ = {
			isa = XCBuildConfiguration;
			baseConfigurationReference = 73F727E67369A78B33088AF7 /* Pods.adhoc.xcconfig */;
			buildSettings = {
				ARCHS = "$(ARCHS_STANDARD)";
				ASSETCATALOG_COMPILER_APPICON_NAME = AppIcon;
				ASSETCATALOG_COMPILER_LAUNCHIMAGE_NAME = LaunchImage;
				CODE_SIGN_IDENTITY = "iPhone Developer";
				"CODE_SIGN_IDENTITY[sdk=iphoneos*]" = "iPhone Developer";
				FRAMEWORK_SEARCH_PATHS = (
					"$(inherited)",
					"/Users/shiratsu/Downloads/GoogleMaps-iOS-1.7.2",
					"$(PROJECT_DIR)/NeoCafesagashi",
				);
				GCC_PRECOMPILE_PREFIX_HEADER = YES;
				GCC_PREFIX_HEADER = "NeoCafesagashi/NeoCafesagashi-Prefix.pch";
				HEADER_SEARCH_PATHS = (
					"$(inherited)",
					"/Applications/Xcode-Beta\\ 2.app/Contents/Developer/Toolchains/XcodeDefault.xctoolchain/usr/include",
					"\"${PODS_ROOT}/Headers\"",
					"\"${PODS_ROOT}/Headers/Public/FMDB\"",
					"\"${PODS_ROOT}/Headers/Public/SMCalloutView\"",
					"\"${PODS_ROOT}/Headers/Public/PonyDebugger\"",
					"\"${PODS_ROOT}/Headers/Public/SocketRocket\"",
					"\"${PODS_ROOT}/Headers/Public/Google-Mobile-Ads-SDK\"",
				);
				INFOPLIST_FILE = "NeoCafesagashi/NeoCafesagashi-Info.plist";
				IPHONEOS_DEPLOYMENT_TARGET = 7.0;
				LIBRARY_SEARCH_PATHS = (
					"$(inherited)",
					"$(PROJECT_DIR)/NeoCafesagashi",
					"$(PROJECT_DIR)/NeoCafesagashi/Add-ons/GoogleAnalyticsServicesiOS_3.06",
					"$(PROJECT_DIR)/Pods/build/Release-iphoneos",
				);
				MTL_ENABLE_DEBUG_INFO = No;
				ONLY_ACTIVE_ARCH = NO;
				OTHER_LDFLAGS = (
					"-ObjC",
					"$(inherited)",
				);
				PODS_ROOT = "${SRCROOT}/Pods";
				PRODUCT_NAME = "$(TARGET_NAME)";
				PROVISIONING_PROFILE = "";
				TARGETED_DEVICE_FAMILY = "1,2";
				USER_HEADER_SEARCH_PATHS = "";
				VALID_ARCHS = "armv7 armv7s arm64";
				WRAPPER_EXTENSION = app;
			};
			name = adhoc;
		};
		587AFCC7199EDA0B00D83FE4 /* adhoc */ = {
			isa = XCBuildConfiguration;
			baseConfigurationReference = 73F727E67369A78B33088AF7 /* Pods.adhoc.xcconfig */;
			buildSettings = {
				BUNDLE_LOADER = "$(BUILT_PRODUCTS_DIR)/NeoCafesagashi.app/NeoCafesagashi";
				FRAMEWORK_SEARCH_PATHS = (
					"$(SDKROOT)/Developer/Library/Frameworks",
					"$(inherited)",
					"$(DEVELOPER_FRAMEWORKS_DIR)",
					"/Users/shiratsu/Downloads/GoogleMaps-iOS-1.7.2",
				);
				GCC_PRECOMPILE_PREFIX_HEADER = YES;
				GCC_PREFIX_HEADER = "NeoCafesagashi/NeoCafesagashi-Prefix.pch";
				INFOPLIST_FILE = "NeoCafesagashiTests/NeoCafesagashiTests-Info.plist";
				OTHER_LDFLAGS = (
					"$(inherited)",
					"-framework",
					XCTest,
					"-ObjC",
				);
				PRODUCT_NAME = "$(TARGET_NAME)";
				TEST_HOST = "$(BUNDLE_LOADER)";
				VALID_ARCHS = "armv7 armv7s arm64";
				WRAPPER_EXTENSION = xctest;
			};
			name = adhoc;
		};
/* End XCBuildConfiguration section */

/* Begin XCConfigurationList section */
		5864C5E618FDE6DC00A54149 /* Build configuration list for PBXProject "NeoCafesagashi" */ = {
			isa = XCConfigurationList;
			buildConfigurations = (
				5864C61E18FDE6DC00A54149 /* Debug */,
				5864C61F18FDE6DC00A54149 /* Release */,
				587AFCC5199EDA0B00D83FE4 /* adhoc */,
			);
			defaultConfigurationIsVisible = 0;
			defaultConfigurationName = Release;
		};
		5864C62018FDE6DC00A54149 /* Build configuration list for PBXNativeTarget "NeoCafesagashi" */ = {
			isa = XCConfigurationList;
			buildConfigurations = (
				5864C62118FDE6DC00A54149 /* Debug */,
				5864C62218FDE6DC00A54149 /* Release */,
				587AFCC6199EDA0B00D83FE4 /* adhoc */,
			);
			defaultConfigurationIsVisible = 0;
			defaultConfigurationName = Release;
		};
		5864C62318FDE6DC00A54149 /* Build configuration list for PBXNativeTarget "NeoCafesagashiTests" */ = {
			isa = XCConfigurationList;
			buildConfigurations = (
				5864C62418FDE6DC00A54149 /* Debug */,
				5864C62518FDE6DC00A54149 /* Release */,
				587AFCC7199EDA0B00D83FE4 /* adhoc */,
			);
			defaultConfigurationIsVisible = 0;
			defaultConfigurationName = Release;
		};
/* End XCConfigurationList section */
	};
	rootObject = 5864C5E318FDE6DC00A54149 /* Project object */;
}
